
Microsoft Visual Studio Solution File, Format Version 12.00
# Visual Studio 14
VisualStudioVersion = 14.0.25123.0
MinimumVisualStudioVersion = 10.0.40219.1
Project("{FAE04EC0-301F-11D3-BF4B-00C04F79EFBC}") = "07. Quotes in Strings", "07. Quotes in Strings\07. Quotes in Strings.csproj", "{28351501-1D7A-4781-9BF9-9B88F3489098}"
EndProject
Project("{FAE04EC0-301F-11D3-BF4B-00C04F79EFBC}") = "13. Comparing Floats", "13. Comparing Floats\13. Comparing Floats.csproj", "{67251C55-577A-41D1-9989-90EAEF84DF43}"
EndProject
Project("{FAE04EC0-301F-11D3-BF4B-00C04F79EFBC}") = "14. Print the ASCII Table", "14. Print the ASCII Table\14. Print the ASCII Table.csproj", "{980261E0-05D8-4DAF-8828-6C851F64488D}"
EndProject
Global
	GlobalSection(SolutionConfigurationPlatforms) = preSolution
		Debug|Any CPU = Debug|Any CPU
		Release|Any CPU = Release|Any CPU
	EndGlobalSection
	GlobalSection(ProjectConfigurationPlatforms) = postSolution
		{28351501-1D7A-4781-9BF9-9B88F3489098}.Debug|Any CPU.ActiveCfg = Debug|Any CPU
		{28351501-1D7A-4781-9BF9-9B88F3489098}.Debug|Any CPU.Build.0 = Debug|Any CPU
		{28351501-1D7A-4781-9BF9-9B88F3489098}.Release|Any CPU.ActiveCfg = Release|Any CPU
		{28351501-1D7A-4781-9BF9-9B88F3489098}.Release|Any CPU.Build.0 = Release|Any CPU
		{67251C55-577A-41D1-9989-90EAEF84DF43}.Debug|Any CPU.ActiveCfg = Debug|Any CPU
		{67251C55-577A-41D1-9989-90EAEF84DF43}.Debug|Any CPU.Build.0 = Debug|Any CPU
		{67251C55-577A-41D1-9989-90EAEF84DF43}.Release|Any CPU.ActiveCfg = Release|Any CPU
		{67251C55-577A-41D1-9989-90EAEF84DF43}.Release|Any CPU.Build.0 = Release|Any CPU
		{980261E0-05D8-4DAF-8828-6C851F64488D}.Debug|Any CPU.ActiveCfg = Debug|Any CPU
		{980261E0-05D8-4DAF-8828-6C851F64488D}.Debug|Any CPU.Build.0 = Debug|Any CPU
		{980261E0-05D8-4DAF-8828-6C851F64488D}.Release|Any CPU.ActiveCfg = Release|Any CPU
		{980261E0-05D8-4DAF-8828-6C851F64488D}.Release|Any CPU.Build.0 = Release|Any CPU
	EndGlobalSection
	GlobalSection(SolutionProperties) = preSolution
		HideSolutionNode = FALSE
	EndGlobalSection
EndGlobal
